// !$*UTF8*$!
{
	archiveVersion = 1;
	classes = {
	};
	objectVersion = 56;
	objects = {

/* Begin PBXBuildFile section */
		A7393DE02CA16195006C4E0E /* SocialMediaView.swift in Sources */ = {isa = PBXBuildFile; fileRef = A7393DDF2CA16195006C4E0E /* SocialMediaView.swift */; };
		A7393DE22CA1AB12006C4E0E /* TabView.swift in Sources */ = {isa = PBXBuildFile; fileRef = A7393DE12CA1AB12006C4E0E /* TabView.swift */; };
		A7393DE42CA1D64A006C4E0E /* ViewRouter.swift in Sources */ = {isa = PBXBuildFile; fileRef = A7393DE32CA1D64A006C4E0E /* ViewRouter.swift */; };
		A7393DEC2CA2003E006C4E0E /* NotifView.swift in Sources */ = {isa = PBXBuildFile; fileRef = A7393DEB2CA2003E006C4E0E /* NotifView.swift */; };
		A7393DF02CA20376006C4E0E /* Profil.swift in Sources */ = {isa = PBXBuildFile; fileRef = A7393DEF2CA20376006C4E0E /* Profil.swift */; };
		A7393DF22CA203D9006C4E0E /* Grid2.swift in Sources */ = {isa = PBXBuildFile; fileRef = A7393DF12CA203D9006C4E0E /* Grid2.swift */; };
		A7393DF42CA20495006C4E0E /* PhotosView.swift in Sources */ = {isa = PBXBuildFile; fileRef = A7393DF32CA20495006C4E0E /* PhotosView.swift */; };
		A7393DF62CA21AE0006C4E0E /* ImagePicker.swift in Sources */ = {isa = PBXBuildFile; fileRef = A7393DF52CA21AE0006C4E0E /* ImagePicker.swift */; };
		A7393E002CA2C0E1006C4E0E /* FavorisView.swift in Sources */ = {isa = PBXBuildFile; fileRef = A7393DFF2CA2C0E1006C4E0E /* FavorisView.swift */; };
		A7393E082CA2C479006C4E0E /* UserListView.swift in Sources */ = {isa = PBXBuildFile; fileRef = A7393E072CA2C479006C4E0E /* UserListView.swift */; };
		A7C027262CA59C51003D911C /* ProfilType.swift in Sources */ = {isa = PBXBuildFile; fileRef = A7C027252CA59C51003D911C /* ProfilType.swift */; };
		A7C027282CA59FEF003D911C /* EliseGrid.swift in Sources */ = {isa = PBXBuildFile; fileRef = A7C027272CA59FEF003D911C /* EliseGrid.swift */; };
		A7C1B32E2C9C5A2A006B259C /* ActuList.swift in Sources */ = {isa = PBXBuildFile; fileRef = A7C1B32D2C9C5A2A006B259C /* ActuList.swift */; };
		A7DF25632C9C106300038D80 /* ZoomArtApp.swift in Sources */ = {isa = PBXBuildFile; fileRef = A7DF25622C9C106300038D80 /* ZoomArtApp.swift */; };
		A7DF25652C9C106300038D80 /* ContentView.swift in Sources */ = {isa = PBXBuildFile; fileRef = A7DF25642C9C106300038D80 /* ContentView.swift */; };
		A7DF25672C9C106400038D80 /* Assets.xcassets in Resources */ = {isa = PBXBuildFile; fileRef = A7DF25662C9C106400038D80 /* Assets.xcassets */; };
		A7DF256A2C9C106400038D80 /* Preview Assets.xcassets in Resources */ = {isa = PBXBuildFile; fileRef = A7DF25692C9C106400038D80 /* Preview Assets.xcassets */; };
		A7F266312CA35A64000E6940 /* PhotoListView.swift in Sources */ = {isa = PBXBuildFile; fileRef = A7F266302CA35A64000E6940 /* PhotoListView.swift */; };
		A7F266332CA41519000E6940 /* AliceGrid.swift in Sources */ = {isa = PBXBuildFile; fileRef = A7F266322CA41519000E6940 /* AliceGrid.swift */; };
		A7F266352CA415B0000E6940 /* BetrandGrid.swift in Sources */ = {isa = PBXBuildFile; fileRef = A7F266342CA415B0000E6940 /* BetrandGrid.swift */; };
		A7F266372CA41717000E6940 /* DavidGrid.swift in Sources */ = {isa = PBXBuildFile; fileRef = A7F266362CA41717000E6940 /* DavidGrid.swift */; };
		A7F266392CA4193D000E6940 /* EmmaGrid.swift in Sources */ = {isa = PBXBuildFile; fileRef = A7F266382CA4193D000E6940 /* EmmaGrid.swift */; };
		A7F2663B2CA41B4A000E6940 /* SabrinaGrid.swift in Sources */ = {isa = PBXBuildFile; fileRef = A7F2663A2CA41B4A000E6940 /* SabrinaGrid.swift */; };
		A7F2663D2CA41C26000E6940 /* BobGrid.swift in Sources */ = {isa = PBXBuildFile; fileRef = A7F2663C2CA41C26000E6940 /* BobGrid.swift */; };
		A7F2663F2CA41D32000E6940 /* YumiGrid.swift in Sources */ = {isa = PBXBuildFile; fileRef = A7F2663E2CA41D32000E6940 /* YumiGrid.swift */; };
		A7F266412CA41EA7000E6940 /* LucasGrid.swift in Sources */ = {isa = PBXBuildFile; fileRef = A7F266402CA41EA7000E6940 /* LucasGrid.swift */; };
		A7F266432CA41F6E000E6940 /* JulienGrid.swift in Sources */ = {isa = PBXBuildFile; fileRef = A7F266422CA41F6E000E6940 /* JulienGrid.swift */; };
		A7F266452CA4202A000E6940 /* CelineGrid.swift in Sources */ = {isa = PBXBuildFile; fileRef = A7F266442CA4202A000E6940 /* CelineGrid.swift */; };
		A7F266472CA420BA000E6940 /* MartinGrid.swift in Sources */ = {isa = PBXBuildFile; fileRef = A7F266462CA420BA000E6940 /* MartinGrid.swift */; };
		A7F266492CA42178000E6940 /* ThomasGrid.swift in Sources */ = {isa = PBXBuildFile; fileRef = A7F266482CA42178000E6940 /* ThomasGrid.swift */; };
		A7F2664B2CA42E0F000E6940 /* ClaireGrid.swift in Sources */ = {isa = PBXBuildFile; fileRef = A7F2664A2CA42E0F000E6940 /* ClaireGrid.swift */; };
		A7F2664F2CA42FE1000E6940 /* LeaGrid.swift in Sources */ = {isa = PBXBuildFile; fileRef = A7F2664E2CA42FE1000E6940 /* LeaGrid.swift */; };
		A7F266532CA43921000E6940 /* VideoView.swift in Sources */ = {isa = PBXBuildFile; fileRef = A7F266522CA43921000E6940 /* VideoView.swift */; };
		A7F266552CA44408000E6940 /* buttonHeartFavoris.swift in Sources */ = {isa = PBXBuildFile; fileRef = A7F266542CA44407000E6940 /* buttonHeartFavoris.swift */; };
		A7F266572CA44DC1000E6940 /* uploadContent.swift in Sources */ = {isa = PBXBuildFile; fileRef = A7F266562CA44DC1000E6940 /* uploadContent.swift */; };
		A7F266592CA49CB1000E6940 /* ourMapView.swift in Sources */ = {isa = PBXBuildFile; fileRef = A7F266582CA49CB1000E6940 /* ourMapView.swift */; };
		A7F2665B2CA49CF6000E6940 /* Location.swift in Sources */ = {isa = PBXBuildFile; fileRef = A7F2665A2CA49CF6000E6940 /* Location.swift */; };
		A7F2665D2CA49D2F000E6940 /* beforeOurMapView.swift in Sources */ = {isa = PBXBuildFile; fileRef = A7F2665C2CA49D2F000E6940 /* beforeOurMapView.swift */; };
		A7F2665F2CA4AF16000E6940 /* NotifList.swift in Sources */ = {isa = PBXBuildFile; fileRef = A7F2665E2CA4AF16000E6940 /* NotifList.swift */; };
		A7F266612CA4AFB4000E6940 /* NotificationView.swift in Sources */ = {isa = PBXBuildFile; fileRef = A7F266602CA4AFB4000E6940 /* NotificationView.swift */; };
		A7F266652CA5503D000E6940 /* VideoPlayerView.swift in Sources */ = {isa = PBXBuildFile; fileRef = A7F266642CA5503D000E6940 /* VideoPlayerView.swift */; };
		A7F266692CA5554F000E6940 /* video.mp4 in Resources */ = {isa = PBXBuildFile; fileRef = A7F266682CA5554F000E6940 /* video.mp4 */; };
/* End PBXBuildFile section */

/* Begin PBXFileReference section */
		A7393DDF2CA16195006C4E0E /* SocialMediaView.swift */ = {isa = PBXFileReference; lastKnownFileType = sourcecode.swift; path = SocialMediaView.swift; sourceTree = "<group>"; };
		A7393DE12CA1AB12006C4E0E /* TabView.swift */ = {isa = PBXFileReference; lastKnownFileType = sourcecode.swift; path = TabView.swift; sourceTree = "<group>"; };
		A7393DE32CA1D64A006C4E0E /* ViewRouter.swift */ = {isa = PBXFileReference; lastKnownFileType = sourcecode.swift; path = ViewRouter.swift; sourceTree = "<group>"; };
		A7393DEB2CA2003E006C4E0E /* NotifView.swift */ = {isa = PBXFileReference; lastKnownFileType = sourcecode.swift; path = NotifView.swift; sourceTree = "<group>"; };
		A7393DEF2CA20376006C4E0E /* Profil.swift */ = {isa = PBXFileReference; lastKnownFileType = sourcecode.swift; path = Profil.swift; sourceTree = "<group>"; };
		A7393DF12CA203D9006C4E0E /* Grid2.swift */ = {isa = PBXFileReference; lastKnownFileType = sourcecode.swift; path = Grid2.swift; sourceTree = "<group>"; };
		A7393DF32CA20495006C4E0E /* PhotosView.swift */ = {isa = PBXFileReference; lastKnownFileType = sourcecode.swift; path = PhotosView.swift; sourceTree = "<group>"; };
		A7393DF52CA21AE0006C4E0E /* ImagePicker.swift */ = {isa = PBXFileReference; lastKnownFileType = sourcecode.swift; path = ImagePicker.swift; sourceTree = "<group>"; };
		A7393DFF2CA2C0E1006C4E0E /* FavorisView.swift */ = {isa = PBXFileReference; lastKnownFileType = sourcecode.swift; path = FavorisView.swift; sourceTree = "<group>"; };
		A7393E072CA2C479006C4E0E /* UserListView.swift */ = {isa = PBXFileReference; lastKnownFileType = sourcecode.swift; path = UserListView.swift; sourceTree = "<group>"; };
		A7C027252CA59C51003D911C /* ProfilType.swift */ = {isa = PBXFileReference; lastKnownFileType = sourcecode.swift; path = ProfilType.swift; sourceTree = "<group>"; };
		A7C027272CA59FEF003D911C /* EliseGrid.swift */ = {isa = PBXFileReference; lastKnownFileType = sourcecode.swift; path = EliseGrid.swift; sourceTree = "<group>"; };
		A7C1B32D2C9C5A2A006B259C /* ActuList.swift */ = {isa = PBXFileReference; lastKnownFileType = sourcecode.swift; path = ActuList.swift; sourceTree = "<group>"; };
		A7DF255F2C9C106300038D80 /* ZoomArt.app */ = {isa = PBXFileReference; explicitFileType = wrapper.application; includeInIndex = 0; path = ZoomArt.app; sourceTree = BUILT_PRODUCTS_DIR; };
		A7DF25622C9C106300038D80 /* ZoomArtApp.swift */ = {isa = PBXFileReference; lastKnownFileType = sourcecode.swift; path = ZoomArtApp.swift; sourceTree = "<group>"; };
		A7DF25642C9C106300038D80 /* ContentView.swift */ = {isa = PBXFileReference; lastKnownFileType = sourcecode.swift; path = ContentView.swift; sourceTree = "<group>"; };
		A7DF25662C9C106400038D80 /* Assets.xcassets */ = {isa = PBXFileReference; lastKnownFileType = folder.assetcatalog; path = Assets.xcassets; sourceTree = "<group>"; };
		A7DF25692C9C106400038D80 /* Preview Assets.xcassets */ = {isa = PBXFileReference; lastKnownFileType = folder.assetcatalog; path = "Preview Assets.xcassets"; sourceTree = "<group>"; };
		A7F266302CA35A64000E6940 /* PhotoListView.swift */ = {isa = PBXFileReference; lastKnownFileType = sourcecode.swift; path = PhotoListView.swift; sourceTree = "<group>"; };
		A7F266322CA41519000E6940 /* AliceGrid.swift */ = {isa = PBXFileReference; lastKnownFileType = sourcecode.swift; path = AliceGrid.swift; sourceTree = "<group>"; };
		A7F266342CA415B0000E6940 /* BetrandGrid.swift */ = {isa = PBXFileReference; lastKnownFileType = sourcecode.swift; path = BetrandGrid.swift; sourceTree = "<group>"; };
		A7F266362CA41717000E6940 /* DavidGrid.swift */ = {isa = PBXFileReference; lastKnownFileType = sourcecode.swift; path = DavidGrid.swift; sourceTree = "<group>"; };
		A7F266382CA4193D000E6940 /* EmmaGrid.swift */ = {isa = PBXFileReference; lastKnownFileType = sourcecode.swift; path = EmmaGrid.swift; sourceTree = "<group>"; };
		A7F2663A2CA41B4A000E6940 /* SabrinaGrid.swift */ = {isa = PBXFileReference; lastKnownFileType = sourcecode.swift; path = SabrinaGrid.swift; sourceTree = "<group>"; };
		A7F2663C2CA41C26000E6940 /* BobGrid.swift */ = {isa = PBXFileReference; lastKnownFileType = sourcecode.swift; path = BobGrid.swift; sourceTree = "<group>"; };
		A7F2663E2CA41D32000E6940 /* YumiGrid.swift */ = {isa = PBXFileReference; lastKnownFileType = sourcecode.swift; path = YumiGrid.swift; sourceTree = "<group>"; };
		A7F266402CA41EA7000E6940 /* LucasGrid.swift */ = {isa = PBXFileReference; lastKnownFileType = sourcecode.swift; path = LucasGrid.swift; sourceTree = "<group>"; };
		A7F266422CA41F6E000E6940 /* JulienGrid.swift */ = {isa = PBXFileReference; lastKnownFileType = sourcecode.swift; path = JulienGrid.swift; sourceTree = "<group>"; };
		A7F266442CA4202A000E6940 /* CelineGrid.swift */ = {isa = PBXFileReference; lastKnownFileType = sourcecode.swift; path = CelineGrid.swift; sourceTree = "<group>"; };
		A7F266462CA420BA000E6940 /* MartinGrid.swift */ = {isa = PBXFileReference; lastKnownFileType = sourcecode.swift; path = MartinGrid.swift; sourceTree = "<group>"; };
		A7F266482CA42178000E6940 /* ThomasGrid.swift */ = {isa = PBXFileReference; lastKnownFileType = sourcecode.swift; path = ThomasGrid.swift; sourceTree = "<group>"; };
		A7F2664A2CA42E0F000E6940 /* ClaireGrid.swift */ = {isa = PBXFileReference; lastKnownFileType = sourcecode.swift; path = ClaireGrid.swift; sourceTree = "<group>"; };
		A7F2664E2CA42FE1000E6940 /* LeaGrid.swift */ = {isa = PBXFileReference; lastKnownFileType = sourcecode.swift; path = LeaGrid.swift; sourceTree = "<group>"; };
		A7F266522CA43921000E6940 /* VideoView.swift */ = {isa = PBXFileReference; lastKnownFileType = sourcecode.swift; path = VideoView.swift; sourceTree = "<group>"; };
		A7F266542CA44407000E6940 /* buttonHeartFavoris.swift */ = {isa = PBXFileReference; lastKnownFileType = sourcecode.swift; path = buttonHeartFavoris.swift; sourceTree = "<group>"; };
		A7F266562CA44DC1000E6940 /* uploadContent.swift */ = {isa = PBXFileReference; lastKnownFileType = sourcecode.swift; path = uploadContent.swift; sourceTree = "<group>"; };
		A7F266582CA49CB1000E6940 /* ourMapView.swift */ = {isa = PBXFileReference; lastKnownFileType = sourcecode.swift; path = ourMapView.swift; sourceTree = "<group>"; };
		A7F2665A2CA49CF6000E6940 /* Location.swift */ = {isa = PBXFileReference; lastKnownFileType = sourcecode.swift; path = Location.swift; sourceTree = "<group>"; };
		A7F2665C2CA49D2F000E6940 /* beforeOurMapView.swift */ = {isa = PBXFileReference; lastKnownFileType = sourcecode.swift; path = beforeOurMapView.swift; sourceTree = "<group>"; };
		A7F2665E2CA4AF16000E6940 /* NotifList.swift */ = {isa = PBXFileReference; lastKnownFileType = sourcecode.swift; path = NotifList.swift; sourceTree = "<group>"; };
		A7F266602CA4AFB4000E6940 /* NotificationView.swift */ = {isa = PBXFileReference; lastKnownFileType = sourcecode.swift; path = NotificationView.swift; sourceTree = "<group>"; };
		A7F266642CA5503D000E6940 /* VideoPlayerView.swift */ = {isa = PBXFileReference; lastKnownFileType = sourcecode.swift; path = VideoPlayerView.swift; sourceTree = "<group>"; };
		A7F266682CA5554F000E6940 /* video.mp4 */ = {isa = PBXFileReference; lastKnownFileType = file; path = video.mp4; sourceTree = "<group>"; };
/* End PBXFileReference section */

/* Begin PBXFrameworksBuildPhase section */
		A7DF255C2C9C106300038D80 /* Frameworks */ = {
			isa = PBXFrameworksBuildPhase;
			buildActionMask = 2147483647;
			files = (
			);
			runOnlyForDeploymentPostprocessing = 0;
		};
/* End PBXFrameworksBuildPhase section */

/* Begin PBXGroup section */
		A7DF25562C9C106300038D80 = {
			isa = PBXGroup;
			children = (
				A7DF25612C9C106300038D80 /* ZoomArt */,
				A7DF25602C9C106300038D80 /* Products */,
			);
			sourceTree = "<group>";
		};
		A7DF25602C9C106300038D80 /* Products */ = {
			isa = PBXGroup;
			children = (
				A7DF255F2C9C106300038D80 /* ZoomArt.app */,
			);
			name = Products;
			sourceTree = "<group>";
		};
		A7DF25612C9C106300038D80 /* ZoomArt */ = {
			isa = PBXGroup;
			children = (
				A7DF25642C9C106300038D80 /* ContentView.swift */,
				A7DF25622C9C106300038D80 /* ZoomArtApp.swift */,
				A7C1B32D2C9C5A2A006B259C /* ActuList.swift */,
				A7393DDF2CA16195006C4E0E /* SocialMediaView.swift */,
				A7F266562CA44DC1000E6940 /* uploadContent.swift */,
				A7F266522CA43921000E6940 /* VideoView.swift */,
				A7F266642CA5503D000E6940 /* VideoPlayerView.swift */,
				A7393DE12CA1AB12006C4E0E /* TabView.swift */,
				A7F266582CA49CB1000E6940 /* ourMapView.swift */,
				A7393DEF2CA20376006C4E0E /* Profil.swift */,
				A7C027252CA59C51003D911C /* ProfilType.swift */,
				A7393DF52CA21AE0006C4E0E /* ImagePicker.swift */,
				A7393E072CA2C479006C4E0E /* UserListView.swift */,
				A7393DFF2CA2C0E1006C4E0E /* FavorisView.swift */,
				A7F266542CA44407000E6940 /* buttonHeartFavoris.swift */,
				A7393DF12CA203D9006C4E0E /* Grid2.swift */,
				A7393DF32CA20495006C4E0E /* PhotosView.swift */,
				A7F266302CA35A64000E6940 /* PhotoListView.swift */,
				A7393DEB2CA2003E006C4E0E /* NotifView.swift */,
				A7F2665E2CA4AF16000E6940 /* NotifList.swift */,
				A7F266602CA4AFB4000E6940 /* NotificationView.swift */,
				A7393DE32CA1D64A006C4E0E /* ViewRouter.swift */,
				A7F266322CA41519000E6940 /* AliceGrid.swift */,
				A7F266342CA415B0000E6940 /* BetrandGrid.swift */,
				A7F266362CA41717000E6940 /* DavidGrid.swift */,
				A7F266382CA4193D000E6940 /* EmmaGrid.swift */,
				A7F2663A2CA41B4A000E6940 /* SabrinaGrid.swift */,
				A7F2663C2CA41C26000E6940 /* BobGrid.swift */,
				A7F2663E2CA41D32000E6940 /* YumiGrid.swift */,
				A7F266402CA41EA7000E6940 /* LucasGrid.swift */,
				A7F266422CA41F6E000E6940 /* JulienGrid.swift */,
				A7F266442CA4202A000E6940 /* CelineGrid.swift */,
				A7F266462CA420BA000E6940 /* MartinGrid.swift */,
				A7F266482CA42178000E6940 /* ThomasGrid.swift */,
				A7F2664A2CA42E0F000E6940 /* ClaireGrid.swift */,
				A7F2664E2CA42FE1000E6940 /* LeaGrid.swift */,
				A7C027272CA59FEF003D911C /* EliseGrid.swift */,
				A7F2665A2CA49CF6000E6940 /* Location.swift */,
				A7F2665C2CA49D2F000E6940 /* beforeOurMapView.swift */,
				A7F266682CA5554F000E6940 /* video.mp4 */,
				A7DF25662C9C106400038D80 /* Assets.xcassets */,
				A7DF25682C9C106400038D80 /* Preview Content */,
			);
			path = ZoomArt;
			sourceTree = "<group>";
		};
		A7DF25682C9C106400038D80 /* Preview Content */ = {
			isa = PBXGroup;
			children = (
				A7DF25692C9C106400038D80 /* Preview Assets.xcassets */,
			);
			path = "Preview Content";
			sourceTree = "<group>";
		};
/* End PBXGroup section */

/* Begin PBXNativeTarget section */
		A7DF255E2C9C106300038D80 /* ZoomArt */ = {
			isa = PBXNativeTarget;
			buildConfigurationList = A7DF256D2C9C106400038D80 /* Build configuration list for PBXNativeTarget "ZoomArt" */;
			buildPhases = (
				A7DF255B2C9C106300038D80 /* Sources */,
				A7DF255C2C9C106300038D80 /* Frameworks */,
				A7DF255D2C9C106300038D80 /* Resources */,
			);
			buildRules = (
			);
			dependencies = (
			);
			name = ZoomArt;
			productName = ZoomArt;
			productReference = A7DF255F2C9C106300038D80 /* ZoomArt.app */;
			productType = "com.apple.product-type.application";
		};
/* End PBXNativeTarget section */

/* Begin PBXProject section */
		A7DF25572C9C106300038D80 /* Project object */ = {
			isa = PBXProject;
			attributes = {
				BuildIndependentTargetsInParallel = 1;
				LastSwiftUpdateCheck = 1540;
				LastUpgradeCheck = 1540;
				TargetAttributes = {
					A7DF255E2C9C106300038D80 = {
						CreatedOnToolsVersion = 15.4;
					};
				};
			};
			buildConfigurationList = A7DF255A2C9C106300038D80 /* Build configuration list for PBXProject "ZoomArt" */;
			compatibilityVersion = "Xcode 14.0";
			developmentRegion = en;
			hasScannedForEncodings = 0;
			knownRegions = (
				en,
				Base,
			);
			mainGroup = A7DF25562C9C106300038D80;
			productRefGroup = A7DF25602C9C106300038D80 /* Products */;
			projectDirPath = "";
			projectRoot = "";
			targets = (
				A7DF255E2C9C106300038D80 /* ZoomArt */,
			);
		};
/* End PBXProject section */

/* Begin PBXResourcesBuildPhase section */
		A7DF255D2C9C106300038D80 /* Resources */ = {
			isa = PBXResourcesBuildPhase;
			buildActionMask = 2147483647;
			files = (
				A7DF256A2C9C106400038D80 /* Preview Assets.xcassets in Resources */,
				A7DF25672C9C106400038D80 /* Assets.xcassets in Resources */,
				A7F266692CA5554F000E6940 /* video.mp4 in Resources */,
			);
			runOnlyForDeploymentPostprocessing = 0;
		};
/* End PBXResourcesBuildPhase section */

/* Begin PBXSourcesBuildPhase section */
		A7DF255B2C9C106300038D80 /* Sources */ = {
			isa = PBXSourcesBuildPhase;
			buildActionMask = 2147483647;
			files = (
				A7F266372CA41717000E6940 /* DavidGrid.swift in Sources */,
				A7DF25652C9C106300038D80 /* ContentView.swift in Sources */,
				A7393E002CA2C0E1006C4E0E /* FavorisView.swift in Sources */,
				A7C027262CA59C51003D911C /* ProfilType.swift in Sources */,
				A7F2663F2CA41D32000E6940 /* YumiGrid.swift in Sources */,
				A7F266472CA420BA000E6940 /* MartinGrid.swift in Sources */,
				A7393DE42CA1D64A006C4E0E /* ViewRouter.swift in Sources */,
				A7F266592CA49CB1000E6940 /* ourMapView.swift in Sources */,
				A7393E082CA2C479006C4E0E /* UserListView.swift in Sources */,
				A7393DF22CA203D9006C4E0E /* Grid2.swift in Sources */,
				A7F266312CA35A64000E6940 /* PhotoListView.swift in Sources */,
				A7F2665D2CA49D2F000E6940 /* beforeOurMapView.swift in Sources */,
				A7F266492CA42178000E6940 /* ThomasGrid.swift in Sources */,
				A7393DE02CA16195006C4E0E /* SocialMediaView.swift in Sources */,
				A7393DF42CA20495006C4E0E /* PhotosView.swift in Sources */,
				A7F266572CA44DC1000E6940 /* uploadContent.swift in Sources */,
				A7DF25632C9C106300038D80 /* ZoomArtApp.swift in Sources */,
				A7F2664F2CA42FE1000E6940 /* LeaGrid.swift in Sources */,
				A7C1B32E2C9C5A2A006B259C /* ActuList.swift in Sources */,
				A7F266652CA5503D000E6940 /* VideoPlayerView.swift in Sources */,
				A7393DEC2CA2003E006C4E0E /* NotifView.swift in Sources */,
				A7F266432CA41F6E000E6940 /* JulienGrid.swift in Sources */,
				A7393DE22CA1AB12006C4E0E /* TabView.swift in Sources */,
				A7F2663B2CA41B4A000E6940 /* SabrinaGrid.swift in Sources */,
				A7F2665F2CA4AF16000E6940 /* NotifList.swift in Sources */,
				A7F2665B2CA49CF6000E6940 /* Location.swift in Sources */,
				A7F2663D2CA41C26000E6940 /* BobGrid.swift in Sources */,
				A7C027282CA59FEF003D911C /* EliseGrid.swift in Sources */,
				A7F266352CA415B0000E6940 /* BetrandGrid.swift in Sources */,
				A7F266332CA41519000E6940 /* AliceGrid.swift in Sources */,
				A7393DF62CA21AE0006C4E0E /* ImagePicker.swift in Sources */,
				A7393DF02CA20376006C4E0E /* Profil.swift in Sources */,
				A7F266412CA41EA7000E6940 /* LucasGrid.swift in Sources */,
				A7F266532CA43921000E6940 /* VideoView.swift in Sources */,
				A7F266392CA4193D000E6940 /* EmmaGrid.swift in Sources */,
				A7F266552CA44408000E6940 /* buttonHeartFavoris.swift in Sources */,
				A7F266452CA4202A000E6940 /* CelineGrid.swift in Sources */,
				A7F2664B2CA42E0F000E6940 /* ClaireGrid.swift in Sources */,
				A7F266612CA4AFB4000E6940 /* NotificationView.swift in Sources */,
			);
			runOnlyForDeploymentPostprocessing = 0;
		};
/* End PBXSourcesBuildPhase section */

/* Begin XCBuildConfiguration section */
		A7DF256B2C9C106400038D80 /* Debug */ = {
			isa = XCBuildConfiguration;
			buildSettings = {
				ALWAYS_SEARCH_USER_PATHS = NO;
				ASSETCATALOG_COMPILER_GENERATE_SWIFT_ASSET_SYMBOL_EXTENSIONS = YES;
				CLANG_ANALYZER_NONNULL = YES;
				CLANG_ANALYZER_NUMBER_OBJECT_CONVERSION = YES_AGGRESSIVE;
				CLANG_CXX_LANGUAGE_STANDARD = "gnu++20";
				CLANG_ENABLE_MODULES = YES;
				CLANG_ENABLE_OBJC_ARC = YES;
				CLANG_ENABLE_OBJC_WEAK = YES;
				CLANG_WARN_BLOCK_CAPTURE_AUTORELEASING = YES;
				CLANG_WARN_BOOL_CONVERSION = YES;
				CLANG_WARN_COMMA = YES;
				CLANG_WARN_CONSTANT_CONVERSION = YES;
				CLANG_WARN_DEPRECATED_OBJC_IMPLEMENTATIONS = YES;
				CLANG_WARN_DIRECT_OBJC_ISA_USAGE = YES_ERROR;
				CLANG_WARN_DOCUMENTATION_COMMENTS = YES;
				CLANG_WARN_EMPTY_BODY = YES;
				CLANG_WARN_ENUM_CONVERSION = YES;
				CLANG_WARN_INFINITE_RECURSION = YES;
				CLANG_WARN_INT_CONVERSION = YES;
				CLANG_WARN_NON_LITERAL_NULL_CONVERSION = YES;
				CLANG_WARN_OBJC_IMPLICIT_RETAIN_SELF = YES;
				CLANG_WARN_OBJC_LITERAL_CONVERSION = YES;
				CLANG_WARN_OBJC_ROOT_CLASS = YES_ERROR;
				CLANG_WARN_QUOTED_INCLUDE_IN_FRAMEWORK_HEADER = YES;
				CLANG_WARN_RANGE_LOOP_ANALYSIS = YES;
				CLANG_WARN_STRICT_PROTOTYPES = YES;
				CLANG_WARN_SUSPICIOUS_MOVE = YES;
				CLANG_WARN_UNGUARDED_AVAILABILITY = YES_AGGRESSIVE;
				CLANG_WARN_UNREACHABLE_CODE = YES;
				CLANG_WARN__DUPLICATE_METHOD_MATCH = YES;
				COPY_PHASE_STRIP = NO;
				DEBUG_INFORMATION_FORMAT = dwarf;
				ENABLE_STRICT_OBJC_MSGSEND = YES;
				ENABLE_TESTABILITY = YES;
				ENABLE_USER_SCRIPT_SANDBOXING = YES;
				GCC_C_LANGUAGE_STANDARD = gnu17;
				GCC_DYNAMIC_NO_PIC = NO;
				GCC_NO_COMMON_BLOCKS = YES;
				GCC_OPTIMIZATION_LEVEL = 0;
				GCC_PREPROCESSOR_DEFINITIONS = (
					"DEBUG=1",
					"$(inherited)",
				);
				GCC_WARN_64_TO_32_BIT_CONVERSION = YES;
				GCC_WARN_ABOUT_RETURN_TYPE = YES_ERROR;
				GCC_WARN_UNDECLARED_SELECTOR = YES;
				GCC_WARN_UNINITIALIZED_AUTOS = YES_AGGRESSIVE;
				GCC_WARN_UNUSED_FUNCTION = YES;
				GCC_WARN_UNUSED_VARIABLE = YES;
				IPHONEOS_DEPLOYMENT_TARGET = 17.5;
				LOCALIZATION_PREFERS_STRING_CATALOGS = YES;
				MTL_ENABLE_DEBUG_INFO = INCLUDE_SOURCE;
				MTL_FAST_MATH = YES;
				ONLY_ACTIVE_ARCH = YES;
				SDKROOT = iphoneos;
				SWIFT_ACTIVE_COMPILATION_CONDITIONS = "DEBUG $(inherited)";
				SWIFT_OPTIMIZATION_LEVEL = "-Onone";
			};
			name = Debug;
		};
		A7DF256C2C9C106400038D80 /* Release */ = {
			isa = XCBuildConfiguration;
			buildSettings = {
				ALWAYS_SEARCH_USER_PATHS = NO;
				ASSETCATALOG_COMPILER_GENERATE_SWIFT_ASSET_SYMBOL_EXTENSIONS = YES;
				CLANG_ANALYZER_NONNULL = YES;
				CLANG_ANALYZER_NUMBER_OBJECT_CONVERSION = YES_AGGRESSIVE;
				CLANG_CXX_LANGUAGE_STANDARD = "gnu++20";
				CLANG_ENABLE_MODULES = YES;
				CLANG_ENABLE_OBJC_ARC = YES;
				CLANG_ENABLE_OBJC_WEAK = YES;
				CLANG_WARN_BLOCK_CAPTURE_AUTORELEASING = YES;
				CLANG_WARN_BOOL_CONVERSION = YES;
				CLANG_WARN_COMMA = YES;
				CLANG_WARN_CONSTANT_CONVERSION = YES;
				CLANG_WARN_DEPRECATED_OBJC_IMPLEMENTATIONS = YES;
				CLANG_WARN_DIRECT_OBJC_ISA_USAGE = YES_ERROR;
				CLANG_WARN_DOCUMENTATION_COMMENTS = YES;
				CLANG_WARN_EMPTY_BODY = YES;
				CLANG_WARN_ENUM_CONVERSION = YES;
				CLANG_WARN_INFINITE_RECURSION = YES;
				CLANG_WARN_INT_CONVERSION = YES;
				CLANG_WARN_NON_LITERAL_NULL_CONVERSION = YES;
				CLANG_WARN_OBJC_IMPLICIT_RETAIN_SELF = YES;
				CLANG_WARN_OBJC_LITERAL_CONVERSION = YES;
				CLANG_WARN_OBJC_ROOT_CLASS = YES_ERROR;
				CLANG_WARN_QUOTED_INCLUDE_IN_FRAMEWORK_HEADER = YES;
				CLANG_WARN_RANGE_LOOP_ANALYSIS = YES;
				CLANG_WARN_STRICT_PROTOTYPES = YES;
				CLANG_WARN_SUSPICIOUS_MOVE = YES;
				CLANG_WARN_UNGUARDED_AVAILABILITY = YES_AGGRESSIVE;
				CLANG_WARN_UNREACHABLE_CODE = YES;
				CLANG_WARN__DUPLICATE_METHOD_MATCH = YES;
				COPY_PHASE_STRIP = NO;
				DEBUG_INFORMATION_FORMAT = "dwarf-with-dsym";
				ENABLE_NS_ASSERTIONS = NO;
				ENABLE_STRICT_OBJC_MSGSEND = YES;
				ENABLE_USER_SCRIPT_SANDBOXING = YES;
				GCC_C_LANGUAGE_STANDARD = gnu17;
				GCC_NO_COMMON_BLOCKS = YES;
				GCC_WARN_64_TO_32_BIT_CONVERSION = YES;
				GCC_WARN_ABOUT_RETURN_TYPE = YES_ERROR;
				GCC_WARN_UNDECLARED_SELECTOR = YES;
				GCC_WARN_UNINITIALIZED_AUTOS = YES_AGGRESSIVE;
				GCC_WARN_UNUSED_FUNCTION = YES;
				GCC_WARN_UNUSED_VARIABLE = YES;
				IPHONEOS_DEPLOYMENT_TARGET = 17.5;
				LOCALIZATION_PREFERS_STRING_CATALOGS = YES;
				MTL_ENABLE_DEBUG_INFO = NO;
				MTL_FAST_MATH = YES;
				SDKROOT = iphoneos;
				SWIFT_COMPILATION_MODE = wholemodule;
				VALIDATE_PRODUCT = YES;
			};
			name = Release;
		};
		A7DF256E2C9C106400038D80 /* Debug */ = {
			isa = XCBuildConfiguration;
			buildSettings = {
				ASSETCATALOG_COMPILER_APPICON_NAME = AppIcon;
				ASSETCATALOG_COMPILER_GLOBAL_ACCENT_COLOR_NAME = AccentColor;
				CODE_SIGN_STYLE = Automatic;
				CURRENT_PROJECT_VERSION = 1;
				DEVELOPMENT_ASSET_PATHS = "\"ZoomArt/Preview Content\"";
				DEVELOPMENT_TEAM = T2UF2N8J4Y;
				ENABLE_PREVIEWS = YES;
				GENERATE_INFOPLIST_FILE = YES;
				INFOPLIST_KEY_LSApplicationCategoryType = "public.app-category.social-networking";
				INFOPLIST_KEY_UIApplicationSceneManifest_Generation = YES;
				INFOPLIST_KEY_UIApplicationSupportsIndirectInputEvents = YES;
				INFOPLIST_KEY_UILaunchScreen_Generation = YES;
				INFOPLIST_KEY_UISupportedInterfaceOrientations_iPad = "UIInterfaceOrientationPortrait UIInterfaceOrientationPortraitUpsideDown UIInterfaceOrientationLandscapeLeft UIInterfaceOrientationLandscapeRight";
				INFOPLIST_KEY_UISupportedInterfaceOrientations_iPhone = "UIInterfaceOrientationPortrait UIInterfaceOrientationLandscapeLeft UIInterfaceOrientationLandscapeRight";
				IPHONEOS_DEPLOYMENT_TARGET = 18.0;
				LD_RUNPATH_SEARCH_PATHS = (
					"$(inherited)",
					"@executable_path/Frameworks",
				);
				MARKETING_VERSION = 1.0;
				PRODUCT_BUNDLE_IDENTIFIER = ZoomArt;
				PRODUCT_NAME = "$(TARGET_NAME)";
				SWIFT_EMIT_LOC_STRINGS = YES;
				SWIFT_VERSION = 5.0;
				TARGETED_DEVICE_FAMILY = "1,2";
			};
			name = Debug;
		};
		A7DF256F2C9C106400038D80 /* Release */ = {
			isa = XCBuildConfiguration;
			buildSettings = {
				ASSETCATALOG_COMPILER_APPICON_NAME = AppIcon;
				ASSETCATALOG_COMPILER_GLOBAL_ACCENT_COLOR_NAME = AccentColor;
				CODE_SIGN_STYLE = Automatic;
				CURRENT_PROJECT_VERSION = 1;
				DEVELOPMENT_ASSET_PATHS = "\"ZoomArt/Preview Content\"";
				DEVELOPMENT_TEAM = T2UF2N8J4Y;
				ENABLE_PREVIEWS = YES;
				GENERATE_INFOPLIST_FILE = YES;
				INFOPLIST_KEY_LSApplicationCategoryType = "public.app-category.social-networking";
				INFOPLIST_KEY_UIApplicationSceneManifest_Generation = YES;
				INFOPLIST_KEY_UIApplicationSupportsIndirectInputEvents = YES;
				INFOPLIST_KEY_UILaunchScreen_Generation = YES;
				INFOPLIST_KEY_UISupportedInterfaceOrientations_iPad = "UIInterfaceOrientationPortrait UIInterfaceOrientationPortraitUpsideDown UIInterfaceOrientationLandscapeLeft UIInterfaceOrientationLandscapeRight";
				INFOPLIST_KEY_UISupportedInterfaceOrientations_iPhone = "UIInterfaceOrientationPortrait UIInterfaceOrientationLandscapeLeft UIInterfaceOrientationLandscapeRight";
				IPHONEOS_DEPLOYMENT_TARGET = 18.0;
				LD_RUNPATH_SEARCH_PATHS = (
					"$(inherited)",
					"@executable_path/Frameworks",
				);
				MARKETING_VERSION = 1.0;
				PRODUCT_BUNDLE_IDENTIFIER = ZoomArt;
				PRODUCT_NAME = "$(TARGET_NAME)";
				SWIFT_EMIT_LOC_STRINGS = YES;
				SWIFT_VERSION = 5.0;
				TARGETED_DEVICE_FAMILY = "1,2";
			};
			name = Release;
		};
/* End XCBuildConfiguration section */

/* Begin XCConfigurationList section */
		A7DF255A2C9C106300038D80 /* Build configuration list for PBXProject "ZoomArt" */ = {
			isa = XCConfigurationList;
			buildConfigurations = (
				A7DF256B2C9C106400038D80 /* Debug */,
				A7DF256C2C9C106400038D80 /* Release */,
			);
			defaultConfigurationIsVisible = 0;
			defaultConfigurationName = Release;
		};
		A7DF256D2C9C106400038D80 /* Build configuration list for PBXNativeTarget "ZoomArt" */ = {
			isa = XCConfigurationList;
			buildConfigurations = (
				A7DF256E2C9C106400038D80 /* Debug */,
				A7DF256F2C9C106400038D80 /* Release */,
			);
			defaultConfigurationIsVisible = 0;
			defaultConfigurationName = Release;
		};
/* End XCConfigurationList section */
	};
	rootObject = A7DF25572C9C106300038D80 /* Project object */;
}
